// !$*UTF8*$!
{
	archiveVersion = 1;
	classes = {
	};
	objectVersion = 56;
	objects = {

/* Begin PBXBuildFile section */
		668CD1212A929B3600A2474E /* MemorizeApp.swift in Sources */ = {isa = PBXBuildFile; fileRef = 668CD1202A929B3600A2474E /* MemorizeApp.swift */; };
		668CD1232A929B3600A2474E /* EmojiMemoryGameView.swift in Sources */ = {isa = PBXBuildFile; fileRef = 668CD1222A929B3600A2474E /* EmojiMemoryGameView.swift */; };
		668CD1252A929B3700A2474E /* Assets.xcassets in Resources */ = {isa = PBXBuildFile; fileRef = 668CD1242A929B3700A2474E /* Assets.xcassets */; };
		668CD1282A929B3700A2474E /* Preview Assets.xcassets in Resources */ = {isa = PBXBuildFile; fileRef = 668CD1272A929B3700A2474E /* Preview Assets.xcassets */; };
		668D363B2AB7E04C009F3EAD /* Grid.swift in Sources */ = {isa = PBXBuildFile; fileRef = 668D363A2AB7E04C009F3EAD /* Grid.swift */; };
		668D363D2AB7ECF7009F3EAD /* GridLayout.swift in Sources */ = {isa = PBXBuildFile; fileRef = 668D363C2AB7ECF7009F3EAD /* GridLayout.swift */; };
		66D395D82AA3F207008F310C /* MemoryGame.swift in Sources */ = {isa = PBXBuildFile; fileRef = 66D395D72AA3F207008F310C /* MemoryGame.swift */; };
		66D395DA2AA40106008F310C /* EmojiMemoryGame.swift in Sources */ = {isa = PBXBuildFile; fileRef = 66D395D92AA40106008F310C /* EmojiMemoryGame.swift */; };
		7641918ED0E489A2485F9E55 /* Pods_Memorize.framework in Frameworks */ = {isa = PBXBuildFile; fileRef = 51F9BC2A9EBDC4721D5AED2E /* Pods_Memorize.framework */; };
		F745AB152B2547E300D092F8 /* ArrayExtension.swift in Sources */ = {isa = PBXBuildFile; fileRef = F745AB142B2547E300D092F8 /* ArrayExtension.swift */; };
/* End PBXBuildFile section */

/* Begin PBXFileReference section */
		51F9BC2A9EBDC4721D5AED2E /* Pods_Memorize.framework */ = {isa = PBXFileReference; explicitFileType = wrapper.framework; includeInIndex = 0; path = Pods_Memorize.framework; sourceTree = BUILT_PRODUCTS_DIR; };
		668CD11D2A929B3600A2474E /* Memorize.app */ = {isa = PBXFileReference; explicitFileType = wrapper.application; includeInIndex = 0; path = Memorize.app; sourceTree = BUILT_PRODUCTS_DIR; };
		668CD1202A929B3600A2474E /* MemorizeApp.swift */ = {isa = PBXFileReference; lastKnownFileType = sourcecode.swift; path = MemorizeApp.swift; sourceTree = "<group>"; };
		668CD1222A929B3600A2474E /* EmojiMemoryGameView.swift */ = {isa = PBXFileReference; lastKnownFileType = sourcecode.swift; path = EmojiMemoryGameView.swift; sourceTree = "<group>"; };
		668CD1242A929B3700A2474E /* Assets.xcassets */ = {isa = PBXFileReference; lastKnownFileType = folder.assetcatalog; path = Assets.xcassets; sourceTree = "<group>"; };
		668CD1272A929B3700A2474E /* Preview Assets.xcassets */ = {isa = PBXFileReference; lastKnownFileType = folder.assetcatalog; path = "Preview Assets.xcassets"; sourceTree = "<group>"; };
		668D363A2AB7E04C009F3EAD /* Grid.swift */ = {isa = PBXFileReference; lastKnownFileType = sourcecode.swift; path = Grid.swift; sourceTree = "<group>"; };
		668D363C2AB7ECF7009F3EAD /* GridLayout.swift */ = {isa = PBXFileReference; fileEncoding = 4; lastKnownFileType = sourcecode.swift; path = GridLayout.swift; sourceTree = "<group>"; };
		66D395D72AA3F207008F310C /* MemoryGame.swift */ = {isa = PBXFileReference; lastKnownFileType = sourcecode.swift; path = MemoryGame.swift; sourceTree = "<group>"; };
		66D395D92AA40106008F310C /* EmojiMemoryGame.swift */ = {isa = PBXFileReference; lastKnownFileType = sourcecode.swift; path = EmojiMemoryGame.swift; sourceTree = "<group>"; };
		6A8ECB801D283252A6279F7A /* Pods-Memorize.release.xcconfig */ = {isa = PBXFileReference; includeInIndex = 1; lastKnownFileType = text.xcconfig; name = "Pods-Memorize.release.xcconfig"; path = "Target Support Files/Pods-Memorize/Pods-Memorize.release.xcconfig"; sourceTree = "<group>"; };
		76305B363D44C2F7648ECB63 /* Pods-Memorize.debug.xcconfig */ = {isa = PBXFileReference; includeInIndex = 1; lastKnownFileType = text.xcconfig; name = "Pods-Memorize.debug.xcconfig"; path = "Target Support Files/Pods-Memorize/Pods-Memorize.debug.xcconfig"; sourceTree = "<group>"; };
		F745AB142B2547E300D092F8 /* ArrayExtension.swift */ = {isa = PBXFileReference; lastKnownFileType = sourcecode.swift; path = ArrayExtension.swift; sourceTree = "<group>"; };
/* End PBXFileReference section */

/* Begin PBXFrameworksBuildPhase section */
		668CD11A2A929B3600A2474E /* Frameworks */ = {
			isa = PBXFrameworksBuildPhase;
			buildActionMask = 2147483647;
			files = (
				7641918ED0E489A2485F9E55 /* Pods_Memorize.framework in Frameworks */,
			);
			runOnlyForDeploymentPostprocessing = 0;
		};
/* End PBXFrameworksBuildPhase section */

/* Begin PBXGroup section */
		668CD1142A929B3600A2474E = {
			isa = PBXGroup;
			children = (
				668CD11F2A929B3600A2474E /* Memorize */,
				668CD11E2A929B3600A2474E /* Products */,
				8E03DB1D9D8275FDF0B99515 /* Pods */,
				9C973EE73517BA3D7D051877 /* Frameworks */,
			);
			sourceTree = "<group>";
		};
		668CD11E2A929B3600A2474E /* Products */ = {
			isa = PBXGroup;
			children = (
				668CD11D2A929B3600A2474E /* Memorize.app */,
			);
			name = Products;
			sourceTree = "<group>";
		};
		668CD11F2A929B3600A2474E /* Memorize */ = {
			isa = PBXGroup;
			children = (
				F745AB192B254EFD00D092F8 /* Observables */,
				F745AB182B254EEE00D092F8 /* Layout */,
				F745AB172B254ED400D092F8 /* Models */,
				F745AB162B254ECB00D092F8 /* ViewModels */,
				F745AB132B2547CE00D092F8 /* Extensions */,
				668CD1202A929B3600A2474E /* MemorizeApp.swift */,
				668CD1242A929B3700A2474E /* Assets.xcassets */,
				668CD1262A929B3700A2474E /* Preview Content */,
			);
			path = Memorize;
			sourceTree = "<group>";
		};
		668CD1262A929B3700A2474E /* Preview Content */ = {
			isa = PBXGroup;
			children = (
				668CD1272A929B3700A2474E /* Preview Assets.xcassets */,
			);
			path = "Preview Content";
			sourceTree = "<group>";
		};
		8E03DB1D9D8275FDF0B99515 /* Pods */ = {
			isa = PBXGroup;
			children = (
				76305B363D44C2F7648ECB63 /* Pods-Memorize.debug.xcconfig */,
				6A8ECB801D283252A6279F7A /* Pods-Memorize.release.xcconfig */,
			);
			path = Pods;
			sourceTree = "<group>";
		};
		9C973EE73517BA3D7D051877 /* Frameworks */ = {
			isa = PBXGroup;
			children = (
				51F9BC2A9EBDC4721D5AED2E /* Pods_Memorize.framework */,
			);
			name = Frameworks;
			sourceTree = "<group>";
		};
		F745AB132B2547CE00D092F8 /* Extensions */ = {
			isa = PBXGroup;
			children = (
				F745AB142B2547E300D092F8 /* ArrayExtension.swift */,
			);
			path = Extensions;
			sourceTree = "<group>";
		};
		F745AB162B254ECB00D092F8 /* ViewModels */ = {
			isa = PBXGroup;
			children = (
				668CD1222A929B3600A2474E /* EmojiMemoryGameView.swift */,
			);
			path = ViewModels;
			sourceTree = "<group>";
		};
		F745AB172B254ED400D092F8 /* Models */ = {
			isa = PBXGroup;
			children = (
				66D395D72AA3F207008F310C /* MemoryGame.swift */,
			);
			path = Models;
			sourceTree = "<group>";
		};
		F745AB182B254EEE00D092F8 /* Layout */ = {
			isa = PBXGroup;
			children = (
				668D363A2AB7E04C009F3EAD /* Grid.swift */,
				668D363C2AB7ECF7009F3EAD /* GridLayout.swift */,
			);
			path = Layout;
			sourceTree = "<group>";
		};
		F745AB192B254EFD00D092F8 /* Observables */ = {
			isa = PBXGroup;
			children = (
				66D395D92AA40106008F310C /* EmojiMemoryGame.swift */,
			);
			path = Observables;
			sourceTree = "<group>";
		};
/* End PBXGroup section */

/* Begin PBXNativeTarget section */
		668CD11C2A929B3600A2474E /* Memorize */ = {
			isa = PBXNativeTarget;
			buildConfigurationList = 668CD12B2A929B3700A2474E /* Build configuration list for PBXNativeTarget "Memorize" */;
			buildPhases = (
				469D8274DF4A2D69BB93E4FC /* [CP] Check Pods Manifest.lock */,
				668CD1192A929B3600A2474E /* Sources */,
				668CD11A2A929B3600A2474E /* Frameworks */,
				668CD11B2A929B3600A2474E /* Resources */,
				B57F47941EA63C7C5F71D566 /* [CP] Embed Pods Frameworks */,
			);
			buildRules = (
			);
			dependencies = (
			);
			name = Memorize;
			productName = Memorize;
			productReference = 668CD11D2A929B3600A2474E /* Memorize.app */;
			productType = "com.apple.product-type.application";
		};
/* End PBXNativeTarget section */

/* Begin PBXProject section */
		668CD1152A929B3600A2474E /* Project object */ = {
			isa = PBXProject;
			attributes = {
				BuildIndependentTargetsInParallel = 1;
				LastSwiftUpdateCheck = 1430;
				LastUpgradeCheck = 1430;
				TargetAttributes = {
					668CD11C2A929B3600A2474E = {
						CreatedOnToolsVersion = 14.3.1;
					};
				};
			};
			buildConfigurationList = 668CD1182A929B3600A2474E /* Build configuration list for PBXProject "Memorize" */;
			compatibilityVersion = "Xcode 14.0";
			developmentRegion = en;
			hasScannedForEncodings = 0;
			knownRegions = (
				en,
				Base,
			);
			mainGroup = 668CD1142A929B3600A2474E;
			productRefGroup = 668CD11E2A929B3600A2474E /* Products */;
			projectDirPath = "";
			projectRoot = "";
			targets = (
				668CD11C2A929B3600A2474E /* Memorize */,
			);
		};
/* End PBXProject section */

/* Begin PBXResourcesBuildPhase section */
		668CD11B2A929B3600A2474E /* Resources */ = {
			isa = PBXResourcesBuildPhase;
			buildActionMask = 2147483647;
			files = (
				668CD1282A929B3700A2474E /* Preview Assets.xcassets in Resources */,
				668CD1252A929B3700A2474E /* Assets.xcassets in Resources */,
			);
			runOnlyForDeploymentPostprocessing = 0;
		};
/* End PBXResourcesBuildPhase section */

/* Begin PBXShellScriptBuildPhase section */
		469D8274DF4A2D69BB93E4FC /* [CP] Check Pods Manifest.lock */ = {
			isa = PBXShellScriptBuildPhase;
			buildActionMask = 2147483647;
			files = (
			);
			inputFileListPaths = (
			);
			inputPaths = (
				"${PODS_PODFILE_DIR_PATH}/Podfile.lock",
				"${PODS_ROOT}/Manifest.lock",
			);
			name = "[CP] Check Pods Manifest.lock";
			outputFileListPaths = (
			);
			outputPaths = (
				"$(DERIVED_FILE_DIR)/Pods-Memorize-checkManifestLockResult.txt",
			);
			runOnlyForDeploymentPostprocessing = 0;
			shellPath = /bin/sh;
			shellScript = "diff \"${PODS_PODFILE_DIR_PATH}/Podfile.lock\" \"${PODS_ROOT}/Manifest.lock\" > /dev/null\nif [ $? != 0 ] ; then\n    # print error to STDERR\n    echo \"error: The sandbox is not in sync with the Podfile.lock. Run 'pod install' or update your CocoaPods installation.\" >&2\n    exit 1\nfi\n# This output is used by Xcode 'outputs' to avoid re-running this script phase.\necho \"SUCCESS\" > \"${SCRIPT_OUTPUT_FILE_0}\"\n";
			showEnvVarsInLog = 0;
		};
		B57F47941EA63C7C5F71D566 /* [CP] Embed Pods Frameworks */ = {
			isa = PBXShellScriptBuildPhase;
			buildActionMask = 2147483647;
			files = (
			);
			inputFileListPaths = (
				"${PODS_ROOT}/Target Support Files/Pods-Memorize/Pods-Memorize-frameworks-${CONFIGURATION}-input-files.xcfilelist",
			);
			name = "[CP] Embed Pods Frameworks";
			outputFileListPaths = (
				"${PODS_ROOT}/Target Support Files/Pods-Memorize/Pods-Memorize-frameworks-${CONFIGURATION}-output-files.xcfilelist",
			);
			runOnlyForDeploymentPostprocessing = 0;
			shellPath = /bin/sh;
			shellScript = "\"${PODS_ROOT}/Target Support Files/Pods-Memorize/Pods-Memorize-frameworks.sh\"\n";
			showEnvVarsInLog = 0;
		};
/* End PBXShellScriptBuildPhase section */

/* Begin PBXSourcesBuildPhase section */
		668CD1192A929B3600A2474E /* Sources */ = {
			isa = PBXSourcesBuildPhase;
			buildActionMask = 2147483647;
			files = (
				66D395D82AA3F207008F310C /* MemoryGame.swift in Sources */,
				668CD1232A929B3600A2474E /* EmojiMemoryGameView.swift in Sources */,
				668CD1212A929B3600A2474E /* MemorizeApp.swift in Sources */,
				F745AB152B2547E300D092F8 /* ArrayExtension.swift in Sources */,
				668D363D2AB7ECF7009F3EAD /* GridLayout.swift in Sources */,
				668D363B2AB7E04C009F3EAD /* Grid.swift in Sources */,
				66D395DA2AA40106008F310C /* EmojiMemoryGame.swift in Sources */,
			);
			runOnlyForDeploymentPostprocessing = 0;
		};
/* End PBXSourcesBuildPhase section */

/* Begin XCBuildConfiguration section */
		668CD1292A929B3700A2474E /* Debug */ = {
			isa = XCBuildConfiguration;
			buildSettings = {
				ALWAYS_SEARCH_USER_PATHS = NO;
				CLANG_ANALYZER_NONNULL = YES;
				CLANG_ANALYZER_NUMBER_OBJECT_CONVERSION = YES_AGGRESSIVE;
				CLANG_CXX_LANGUAGE_STANDARD = "gnu++20";
				CLANG_ENABLE_MODULES = YES;
				CLANG_ENABLE_OBJC_ARC = YES;
				CLANG_ENABLE_OBJC_WEAK = YES;
				CLANG_WARN_BLOCK_CAPTURE_AUTORELEASING = YES;
				CLANG_WARN_BOOL_CONVERSION = YES;
				CLANG_WARN_COMMA = YES;
				CLANG_WARN_CONSTANT_CONVERSION = YES;
				CLANG_WARN_DEPRECATED_OBJC_IMPLEMENTATIONS = YES;
				CLANG_WARN_DIRECT_OBJC_ISA_USAGE = YES_ERROR;
				CLANG_WARN_DOCUMENTATION_COMMENTS = YES;
				CLANG_WARN_EMPTY_BODY = YES;
				CLANG_WARN_ENUM_CONVERSION = YES;
				CLANG_WARN_INFINITE_RECURSION = YES;
				CLANG_WARN_INT_CONVERSION = YES;
				CLANG_WARN_NON_LITERAL_NULL_CONVERSION = YES;
				CLANG_WARN_OBJC_IMPLICIT_RETAIN_SELF = YES;
				CLANG_WARN_OBJC_LITERAL_CONVERSION = YES;
				CLANG_WARN_OBJC_ROOT_CLASS = YES_ERROR;
				CLANG_WARN_QUOTED_INCLUDE_IN_FRAMEWORK_HEADER = YES;
				CLANG_WARN_RANGE_LOOP_ANALYSIS = YES;
				CLANG_WARN_STRICT_PROTOTYPES = YES;
				CLANG_WARN_SUSPICIOUS_MOVE = YES;
				CLANG_WARN_UNGUARDED_AVAILABILITY = YES_AGGRESSIVE;
				CLANG_WARN_UNREACHABLE_CODE = YES;
				CLANG_WARN__DUPLICATE_METHOD_MATCH = YES;
				COPY_PHASE_STRIP = NO;
				DEBUG_INFORMATION_FORMAT = dwarf;
				ENABLE_STRICT_OBJC_MSGSEND = YES;
				ENABLE_TESTABILITY = YES;
				GCC_C_LANGUAGE_STANDARD = gnu11;
				GCC_DYNAMIC_NO_PIC = NO;
				GCC_NO_COMMON_BLOCKS = YES;
				GCC_OPTIMIZATION_LEVEL = 0;
				GCC_PREPROCESSOR_DEFINITIONS = (
					"DEBUG=1",
					"$(inherited)",
				);
				GCC_WARN_64_TO_32_BIT_CONVERSION = YES;
				GCC_WARN_ABOUT_RETURN_TYPE = YES_ERROR;
				GCC_WARN_UNDECLARED_SELECTOR = YES;
				GCC_WARN_UNINITIALIZED_AUTOS = YES_AGGRESSIVE;
				GCC_WARN_UNUSED_FUNCTION = YES;
				GCC_WARN_UNUSED_VARIABLE = YES;
				IPHONEOS_DEPLOYMENT_TARGET = 16.4;
				MTL_ENABLE_DEBUG_INFO = INCLUDE_SOURCE;
				MTL_FAST_MATH = YES;
				ONLY_ACTIVE_ARCH = YES;
				SDKROOT = iphoneos;
				SWIFT_ACTIVE_COMPILATION_CONDITIONS = DEBUG;
				SWIFT_OPTIMIZATION_LEVEL = "-Onone";
			};
			name = Debug;
		};
		668CD12A2A929B3700A2474E /* Release */ = {
			isa = XCBuildConfiguration;
			buildSettings = {
				ALWAYS_SEARCH_USER_PATHS = NO;
				CLANG_ANALYZER_NONNULL = YES;
				CLANG_ANALYZER_NUMBER_OBJECT_CONVERSION = YES_AGGRESSIVE;
				CLANG_CXX_LANGUAGE_STANDARD = "gnu++20";
				CLANG_ENABLE_MODULES = YES;
				CLANG_ENABLE_OBJC_ARC = YES;
				CLANG_ENABLE_OBJC_WEAK = YES;
				CLANG_WARN_BLOCK_CAPTURE_AUTORELEASING = YES;
				CLANG_WARN_BOOL_CONVERSION = YES;
				CLANG_WARN_COMMA = YES;
				CLANG_WARN_CONSTANT_CONVERSION = YES;
				CLANG_WARN_DEPRECATED_OBJC_IMPLEMENTATIONS = YES;
				CLANG_WARN_DIRECT_OBJC_ISA_USAGE = YES_ERROR;
				CLANG_WARN_DOCUMENTATION_COMMENTS = YES;
				CLANG_WARN_EMPTY_BODY = YES;
				CLANG_WARN_ENUM_CONVERSION = YES;
				CLANG_WARN_INFINITE_RECURSION = YES;
				CLANG_WARN_INT_CONVERSION = YES;
				CLANG_WARN_NON_LITERAL_NULL_CONVERSION = YES;
				CLANG_WARN_OBJC_IMPLICIT_RETAIN_SELF = YES;
				CLANG_WARN_OBJC_LITERAL_CONVERSION = YES;
				CLANG_WARN_OBJC_ROOT_CLASS = YES_ERROR;
				CLANG_WARN_QUOTED_INCLUDE_IN_FRAMEWORK_HEADER = YES;
				CLANG_WARN_RANGE_LOOP_ANALYSIS = YES;
				CLANG_WARN_STRICT_PROTOTYPES = YES;
				CLANG_WARN_SUSPICIOUS_MOVE = YES;
				CLANG_WARN_UNGUARDED_AVAILABILITY = YES_AGGRESSIVE;
				CLANG_WARN_UNREACHABLE_CODE = YES;
				CLANG_WARN__DUPLICATE_METHOD_MATCH = YES;
				COPY_PHASE_STRIP = NO;
				DEBUG_INFORMATION_FORMAT = "dwarf-with-dsym";
				ENABLE_NS_ASSERTIONS = NO;
				ENABLE_STRICT_OBJC_MSGSEND = YES;
				GCC_C_LANGUAGE_STANDARD = gnu11;
				GCC_NO_COMMON_BLOCKS = YES;
				GCC_WARN_64_TO_32_BIT_CONVERSION = YES;
				GCC_WARN_ABOUT_RETURN_TYPE = YES_ERROR;
				GCC_WARN_UNDECLARED_SELECTOR = YES;
				GCC_WARN_UNINITIALIZED_AUTOS = YES_AGGRESSIVE;
				GCC_WARN_UNUSED_FUNCTION = YES;
				GCC_WARN_UNUSED_VARIABLE = YES;
				IPHONEOS_DEPLOYMENT_TARGET = 16.4;
				MTL_ENABLE_DEBUG_INFO = NO;
				MTL_FAST_MATH = YES;
				SDKROOT = iphoneos;
				SWIFT_COMPILATION_MODE = wholemodule;
				SWIFT_OPTIMIZATION_LEVEL = "-O";
				VALIDATE_PRODUCT = YES;
			};
			name = Release;
		};
		668CD12C2A929B3700A2474E /* Debug */ = {
			isa = XCBuildConfiguration;
			baseConfigurationReference = 76305B363D44C2F7648ECB63 /* Pods-Memorize.debug.xcconfig */;
			buildSettings = {
				ASSETCATALOG_COMPILER_APPICON_NAME = AppIcon;
				ASSETCATALOG_COMPILER_GLOBAL_ACCENT_COLOR_NAME = AccentColor;
				CODE_SIGN_STYLE = Automatic;
				CURRENT_PROJECT_VERSION = 1;
				DEVELOPMENT_ASSET_PATHS = "\"Memorize/Preview Content\"";
				ENABLE_PREVIEWS = YES;
				GENERATE_INFOPLIST_FILE = YES;
				INFOPLIST_KEY_UIApplicationSceneManifest_Generation = YES;
				INFOPLIST_KEY_UIApplicationSupportsIndirectInputEvents = YES;
				INFOPLIST_KEY_UILaunchScreen_Generation = YES;
				INFOPLIST_KEY_UISupportedInterfaceOrientations_iPad = "UIInterfaceOrientationPortrait UIInterfaceOrientationPortraitUpsideDown UIInterfaceOrientationLandscapeLeft UIInterfaceOrientationLandscapeRight";
				INFOPLIST_KEY_UISupportedInterfaceOrientations_iPhone = "UIInterfaceOrientationPortrait UIInterfaceOrientationLandscapeLeft UIInterfaceOrientationLandscapeRight";
				LD_RUNPATH_SEARCH_PATHS = (
					"$(inherited)",
					"@executable_path/Frameworks",
				);
				MARKETING_VERSION = 1.0;
				PRODUCT_BUNDLE_IDENTIFIER = sosthenes.Memorize;
				PRODUCT_NAME = "$(TARGET_NAME)";
				SWIFT_EMIT_LOC_STRINGS = YES;
				SWIFT_VERSION = 5.0;
				TARGETED_DEVICE_FAMILY = "1,2";
			};
			name = Debug;
		};
		668CD12D2A929B3700A2474E /* Release */ = {
			isa = XCBuildConfiguration;
			baseConfigurationReference = 6A8ECB801D283252A6279F7A /* Pods-Memorize.release.xcconfig */;
			buildSettings = {
				ASSETCATALOG_COMPILER_APPICON_NAME = AppIcon;
				ASSETCATALOG_COMPILER_GLOBAL_ACCENT_COLOR_NAME = AccentColor;
				CODE_SIGN_STYLE = Automatic;
				CURRENT_PROJECT_VERSION = 1;
				DEVELOPMENT_ASSET_PATHS = "\"Memorize/Preview Content\"";
				ENABLE_PREVIEWS = YES;
				GENERATE_INFOPLIST_FILE = YES;
				INFOPLIST_KEY_UIApplicationSceneManifest_Generation = YES;
				INFOPLIST_KEY_UIApplicationSupportsIndirectInputEvents = YES;
				INFOPLIST_KEY_UILaunchScreen_Generation = YES;
				INFOPLIST_KEY_UISupportedInterfaceOrientations_iPad = "UIInterfaceOrientationPortrait UIInterfaceOrientationPortraitUpsideDown UIInterfaceOrientationLandscapeLeft UIInterfaceOrientationLandscapeRight";
				INFOPLIST_KEY_UISupportedInterfaceOrientations_iPhone = "UIInterfaceOrientationPortrait UIInterfaceOrientationLandscapeLeft UIInterfaceOrientationLandscapeRight";
				LD_RUNPATH_SEARCH_PATHS = (
					"$(inherited)",
					"@executable_path/Frameworks",
				);
				MARKETING_VERSION = 1.0;
				PRODUCT_BUNDLE_IDENTIFIER = sosthenes.Memorize;
				PRODUCT_NAME = "$(TARGET_NAME)";
				SWIFT_EMIT_LOC_STRINGS = YES;
				SWIFT_VERSION = 5.0;
				TARGETED_DEVICE_FAMILY = "1,2";
			};
			name = Release;
		};
/* End XCBuildConfiguration section */

/* Begin XCConfigurationList section */
		668CD1182A929B3600A2474E /* Build configuration list for PBXProject "Memorize" */ = {
			isa = XCConfigurationList;
			buildConfigurations = (
				668CD1292A929B3700A2474E /* Debug */,
				668CD12A2A929B3700A2474E /* Release */,
			);
			defaultConfigurationIsVisible = 0;
			defaultConfigurationName = Release;
		};
		668CD12B2A929B3700A2474E /* Build configuration list for PBXNativeTarget "Memorize" */ = {
			isa = XCConfigurationList;
			buildConfigurations = (
				668CD12C2A929B3700A2474E /* Debug */,
				668CD12D2A929B3700A2474E /* Release */,
			);
			defaultConfigurationIsVisible = 0;
			defaultConfigurationName = Release;
		};
/* End XCConfigurationList section */
	};
	rootObject = 668CD1152A929B3600A2474E /* Project object */;
}
